
Microsoft Visual Studio Solution File, Format Version 12.00
# Visual Studio Version 17
VisualStudioVersion = 17.13.35825.156 d17.13
MinimumVisualStudioVersion = 10.0.40219.1
Project("{FAE04EC0-301F-11D3-BF4B-00C04F79EFBC}") = "Paituar_Inserting Nodes to the Linked List", "Paituar_Inserting Nodes to the Linked List\Paituar_Inserting Nodes to the Linked List.csproj", "{F6CEBC55-FDFB-4D57-9E79-D63F53D4D1A7}"
EndProject
Global
	GlobalSection(SolutionConfigurationPlatforms) = preSolution
		Debug|Any CPU = Debug|Any CPU
		Release|Any CPU = Release|Any CPU
	EndGlobalSection
	GlobalSection(ProjectConfigurationPlatforms) = postSolution
		{F6CEBC55-FDFB-4D57-9E79-D63F53D4D1A7}.Debug|Any CPU.ActiveCfg = Debug|Any CPU
		{F6CEBC55-FDFB-4D57-9E79-D63F53D4D1A7}.Debug|Any CPU.Build.0 = Debug|Any CPU
		{F6CEBC55-FDFB-4D57-9E79-D63F53D4D1A7}.Release|Any CPU.ActiveCfg = Release|Any CPU
		{F6CEBC55-FDFB-4D57-9E79-D63F53D4D1A7}.Release|Any CPU.Build.0 = Release|Any CPU
	EndGlobalSection
	GlobalSection(SolutionProperties) = preSolution
		HideSolutionNode = FALSE
	EndGlobalSection
	GlobalSection(ExtensibilityGlobals) = postSolution
		SolutionGuid = {0966F652-21FF-48F8-A331-7D331A747330}
	EndGlobalSection
EndGlobal
