
Microsoft Visual Studio Solution File, Format Version 12.00
# Visual Studio Version 17
VisualStudioVersion = 17.9.34723.18
MinimumVisualStudioVersion = 10.0.40219.1
Project("{FAE04EC0-301F-11D3-BF4B-00C04F79EFBC}") = "Paituar_Single Dimensional Array of Objects in OOP", "Paituar_Single Dimensional Array of Objects in OOP.csproj", "{4115EA9C-418A-449B-89F5-DB0E36721550}"
EndProject
Global
	GlobalSection(SolutionConfigurationPlatforms) = preSolution
		Debug|Any CPU = Debug|Any CPU
		Release|Any CPU = Release|Any CPU
	EndGlobalSection
	GlobalSection(ProjectConfigurationPlatforms) = postSolution
		{4115EA9C-418A-449B-89F5-DB0E36721550}.Debug|Any CPU.ActiveCfg = Debug|Any CPU
		{4115EA9C-418A-449B-89F5-DB0E36721550}.Debug|Any CPU.Build.0 = Debug|Any CPU
		{4115EA9C-418A-449B-89F5-DB0E36721550}.Release|Any CPU.ActiveCfg = Release|Any CPU
		{4115EA9C-418A-449B-89F5-DB0E36721550}.Release|Any CPU.Build.0 = Release|Any CPU
	EndGlobalSection
	GlobalSection(SolutionProperties) = preSolution
		HideSolutionNode = FALSE
	EndGlobalSection
	GlobalSection(ExtensibilityGlobals) = postSolution
		SolutionGuid = {0F32B897-6A93-414A-893E-8D7EBAEEFD89}
	EndGlobalSection
EndGlobal
